
Microsoft Visual Studio Solution File, Format Version 12.00
# Visual Studio Version 17
VisualStudioVersion = 17.14.36301.6
MinimumVisualStudioVersion = 10.0.40219.1
Project("{FAE04EC0-301F-11D3-BF4B-00C04F79EFBC}") = "ImageTagger", "ImageTagger\ImageTagger.csproj", "{B4D466EE-4B0C-69F2-3396-64EFC427C340}"
EndProject
Project("{FAE04EC0-301F-11D3-BF4B-00C04F79EFBC}") = "ImageTagger.Core", "ImageTagger.Core\ImageTagger.Core.csproj", "{A1B2C3D4-E5F6-7890-ABCD-EF1234567890}"
EndProject
Project("{FAE04EC0-301F-11D3-BF4B-00C04F79EFBC}") = "ImageTagger.Services", "ImageTagger.Services\ImageTagger.Services.csproj", "{E1C48655-ABAC-4155-AEBF-AACF24F26418}"
EndProject
Project("{FAE04EC0-301F-11D3-BF4B-00C04F79EFBC}") = "ImageTagger.Infrastructure", "ImageTagger.Infrastructure\ImageTagger.Infrastructure.csproj", "{6D285A54-CF44-47FF-B245-213774F5215C}"
EndProject
Global
	GlobalSection(SolutionConfigurationPlatforms) = preSolution
		Debug|Any CPU = Debug|Any CPU
		Release|Any CPU = Release|Any CPU
	EndGlobalSection
	GlobalSection(ProjectConfigurationPlatforms) = postSolution
		{B4D466EE-4B0C-69F2-3396-64EFC427C340}.Debug|Any CPU.ActiveCfg = Debug|Any CPU
		{B4D466EE-4B0C-69F2-3396-64EFC427C340}.Debug|Any CPU.Build.0 = Debug|Any CPU
		{B4D466EE-4B0C-69F2-3396-64EFC427C340}.Release|Any CPU.ActiveCfg = Release|Any CPU
		{B4D466EE-4B0C-69F2-3396-64EFC427C340}.Release|Any CPU.Build.0 = Release|Any CPU
		{A1B2C3D4-E5F6-7890-ABCD-EF1234567890}.Debug|Any CPU.ActiveCfg = Debug|Any CPU
		{A1B2C3D4-E5F6-7890-ABCD-EF1234567890}.Debug|Any CPU.Build.0 = Debug|Any CPU
		{A1B2C3D4-E5F6-7890-ABCD-EF1234567890}.Release|Any CPU.ActiveCfg = Release|Any CPU
		{A1B2C3D4-E5F6-7890-ABCD-EF1234567890}.Release|Any CPU.Build.0 = Release|Any CPU
		{E1C48655-ABAC-4155-AEBF-AACF24F26418}.Debug|Any CPU.ActiveCfg = Debug|Any CPU
		{E1C48655-ABAC-4155-AEBF-AACF24F26418}.Debug|Any CPU.Build.0 = Debug|Any CPU
		{E1C48655-ABAC-4155-AEBF-AACF24F26418}.Release|Any CPU.ActiveCfg = Release|Any CPU
		{E1C48655-ABAC-4155-AEBF-AACF24F26418}.Release|Any CPU.Build.0 = Release|Any CPU
		{6D285A54-CF44-47FF-B245-213774F5215C}.Debug|Any CPU.ActiveCfg = Debug|Any CPU
		{6D285A54-CF44-47FF-B245-213774F5215C}.Debug|Any CPU.Build.0 = Debug|Any CPU
		{6D285A54-CF44-47FF-B245-213774F5215C}.Release|Any CPU.ActiveCfg = Release|Any CPU
		{6D285A54-CF44-47FF-B245-213774F5215C}.Release|Any CPU.Build.0 = Release|Any CPU
	EndGlobalSection
	GlobalSection(SolutionProperties) = preSolution
		HideSolutionNode = FALSE
	EndGlobalSection
	GlobalSection(ExtensibilityGlobals) = postSolution
		SolutionGuid = {80BDD42E-7F43-4052-B746-32B255C3D4D7}
	EndGlobalSection
EndGlobal
